
Microsoft Visual Studio Solution File, Format Version 11.00
# Visual Studio 2010
Project("{FAE04EC0-301F-11D3-BF4B-00C04F79EFBC}") = "CrystallizeBackend", "CrystallizeBackend\CrystallizeBackend.csproj", "{25A04943-7FE3-491D-8489-ABB7CAD177CE}"
EndProject
Project("{FAE04EC0-301F-11D3-BF4B-00C04F79EFBC}") = "CrystallizeBackendLib", "CrystallizeBackendLib\CrystallizeBackendLib.csproj", "{0EA00FD2-086A-41BC-82F0-7AC2AEBB67F6}"
EndProject
Global
	GlobalSection(SolutionConfigurationPlatforms) = preSolution
		Debug|Any CPU = Debug|Any CPU
		Debug|Mixed Platforms = Debug|Mixed Platforms
		Debug|x86 = Debug|x86
		Release|Any CPU = Release|Any CPU
		Release|Mixed Platforms = Release|Mixed Platforms
		Release|x86 = Release|x86
	EndGlobalSection
	GlobalSection(ProjectConfigurationPlatforms) = postSolution
		{25A04943-7FE3-491D-8489-ABB7CAD177CE}.Debug|Any CPU.ActiveCfg = Debug|x86
		{25A04943-7FE3-491D-8489-ABB7CAD177CE}.Debug|Mixed Platforms.ActiveCfg = Debug|x86
		{25A04943-7FE3-491D-8489-ABB7CAD177CE}.Debug|Mixed Platforms.Build.0 = Debug|x86
		{25A04943-7FE3-491D-8489-ABB7CAD177CE}.Debug|x86.ActiveCfg = Debug|x86
		{25A04943-7FE3-491D-8489-ABB7CAD177CE}.Debug|x86.Build.0 = Debug|x86
		{25A04943-7FE3-491D-8489-ABB7CAD177CE}.Release|Any CPU.ActiveCfg = Release|x86
		{25A04943-7FE3-491D-8489-ABB7CAD177CE}.Release|Mixed Platforms.ActiveCfg = Release|x86
		{25A04943-7FE3-491D-8489-ABB7CAD177CE}.Release|Mixed Platforms.Build.0 = Release|x86
		{25A04943-7FE3-491D-8489-ABB7CAD177CE}.Release|x86.ActiveCfg = Release|x86
		{25A04943-7FE3-491D-8489-ABB7CAD177CE}.Release|x86.Build.0 = Release|x86
		{0EA00FD2-086A-41BC-82F0-7AC2AEBB67F6}.Debug|Any CPU.ActiveCfg = Debug|Any CPU
		{0EA00FD2-086A-41BC-82F0-7AC2AEBB67F6}.Debug|Any CPU.Build.0 = Debug|Any CPU
		{0EA00FD2-086A-41BC-82F0-7AC2AEBB67F6}.Debug|Mixed Platforms.ActiveCfg = Debug|Any CPU
		{0EA00FD2-086A-41BC-82F0-7AC2AEBB67F6}.Debug|Mixed Platforms.Build.0 = Debug|Any CPU
		{0EA00FD2-086A-41BC-82F0-7AC2AEBB67F6}.Debug|x86.ActiveCfg = Debug|Any CPU
		{0EA00FD2-086A-41BC-82F0-7AC2AEBB67F6}.Release|Any CPU.ActiveCfg = Release|Any CPU
		{0EA00FD2-086A-41BC-82F0-7AC2AEBB67F6}.Release|Any CPU.Build.0 = Release|Any CPU
		{0EA00FD2-086A-41BC-82F0-7AC2AEBB67F6}.Release|Mixed Platforms.ActiveCfg = Release|Any CPU
		{0EA00FD2-086A-41BC-82F0-7AC2AEBB67F6}.Release|Mixed Platforms.Build.0 = Release|Any CPU
		{0EA00FD2-086A-41BC-82F0-7AC2AEBB67F6}.Release|x86.ActiveCfg = Release|Any CPU
	EndGlobalSection
	GlobalSection(SolutionProperties) = preSolution
		HideSolutionNode = FALSE
	EndGlobalSection
EndGlobal
